
Microsoft Visual Studio Solution File, Format Version 12.00
# Visual Studio Version 17
VisualStudioVersion = 17.10.35013.160
MinimumVisualStudioVersion = 10.0.40219.1
Project("{9A19103F-16F7-4668-BE54-9A1E7A4F7556}") = "Demo", "Demo.csproj", "{0BEFDF6D-6416-4F0E-B586-2558266A5843}"
EndProject
Global
	GlobalSection(SolutionConfigurationPlatforms) = preSolution
		Debug|Any CPU = Debug|Any CPU
		Release|Any CPU = Release|Any CPU
	EndGlobalSection
	GlobalSection(ProjectConfigurationPlatforms) = postSolution
		{0BEFDF6D-6416-4F0E-B586-2558266A5843}.Debug|Any CPU.ActiveCfg = Debug|Any CPU
		{0BEFDF6D-6416-4F0E-B586-2558266A5843}.Debug|Any CPU.Build.0 = Debug|Any CPU
		{0BEFDF6D-6416-4F0E-B586-2558266A5843}.Release|Any CPU.ActiveCfg = Release|Any CPU
		{0BEFDF6D-6416-4F0E-B586-2558266A5843}.Release|Any CPU.Build.0 = Release|Any CPU
	EndGlobalSection
	GlobalSection(SolutionProperties) = preSolution
		HideSolutionNode = FALSE
	EndGlobalSection
	GlobalSection(ExtensibilityGlobals) = postSolution
		SolutionGuid = {82C77DB7-5443-43B1-8876-DE02E1A79355}
	EndGlobalSection
EndGlobal
